
Microsoft Visual Studio Solution File, Format Version 12.00
# Visual Studio 15
VisualStudioVersion = 15.0.28307.572
MinimumVisualStudioVersion = 10.0.40219.1
Project("{2150E333-8FDC-42A3-9474-1A3956D46DE8}") = "1 - Apresentation", "1 - Apresentation", "{920AF063-C740-4E4F-BE0B-5FFE9E671184}"
EndProject
Project("{2150E333-8FDC-42A3-9474-1A3956D46DE8}") = "2 - Application", "2 - Application", "{351761C0-910B-42C5-A338-16348F1347C6}"
EndProject
Project("{9A19103F-16F7-4668-BE54-9A1E7A4F7556}") = "UploadArquivoWebAPI", "UploadArquivoWebAPI\UploadArquivoWebAPI.csproj", "{C008128D-7F7A-49F9-99BF-347948B8A08C}"
EndProject
Global
	GlobalSection(SolutionConfigurationPlatforms) = preSolution
		Debug|Any CPU = Debug|Any CPU
		Release|Any CPU = Release|Any CPU
	EndGlobalSection
	GlobalSection(ProjectConfigurationPlatforms) = postSolution
		{C008128D-7F7A-49F9-99BF-347948B8A08C}.Debug|Any CPU.ActiveCfg = Debug|Any CPU
		{C008128D-7F7A-49F9-99BF-347948B8A08C}.Debug|Any CPU.Build.0 = Debug|Any CPU
		{C008128D-7F7A-49F9-99BF-347948B8A08C}.Release|Any CPU.ActiveCfg = Release|Any CPU
		{C008128D-7F7A-49F9-99BF-347948B8A08C}.Release|Any CPU.Build.0 = Release|Any CPU
	EndGlobalSection
	GlobalSection(SolutionProperties) = preSolution
		HideSolutionNode = FALSE
	EndGlobalSection
	GlobalSection(NestedProjects) = preSolution
		{C008128D-7F7A-49F9-99BF-347948B8A08C} = {351761C0-910B-42C5-A338-16348F1347C6}
	EndGlobalSection
	GlobalSection(ExtensibilityGlobals) = postSolution
		SolutionGuid = {5BE76007-A882-4D96-8C20-7F5D18924E3D}
	EndGlobalSection
EndGlobal
